
Microsoft Visual Studio Solution File, Format Version 12.00
Project("{FAE04EC0-301F-11D3-BF4B-00C04F79EFBC}") = "SourceCode1", "SourceCode1\SourceCode1.csproj", "{28AF7CD7-2D08-46BD-B6A7-63C087FFCF47}"
EndProject
Global
	GlobalSection(SolutionConfigurationPlatforms) = preSolution
		Debug|Any CPU = Debug|Any CPU
		Release|Any CPU = Release|Any CPU
	EndGlobalSection
	GlobalSection(ProjectConfigurationPlatforms) = postSolution
		{28AF7CD7-2D08-46BD-B6A7-63C087FFCF47}.Debug|Any CPU.ActiveCfg = Debug|Any CPU
		{28AF7CD7-2D08-46BD-B6A7-63C087FFCF47}.Debug|Any CPU.Build.0 = Debug|Any CPU
		{28AF7CD7-2D08-46BD-B6A7-63C087FFCF47}.Release|Any CPU.ActiveCfg = Release|Any CPU
		{28AF7CD7-2D08-46BD-B6A7-63C087FFCF47}.Release|Any CPU.Build.0 = Release|Any CPU
	EndGlobalSection
EndGlobal
